
Microsoft Visual Studio Solution File, Format Version 12.00
# Visual Studio Version 16
VisualStudioVersion = 16.0.31624.102
MinimumVisualStudioVersion = 10.0.40219.1
Project("{8BC9CEB8-8B4A-11D0-8D11-00A0C91BC942}") = "CG", "CG.vcxproj", "{D90974A8-D5B7-4C6D-B2EA-2A5D004047C9}"
EndProject
Global
	GlobalSection(SolutionConfigurationPlatforms) = preSolution
		Debug|x64 = Debug|x64
		Debug|x86 = Debug|x86
		Release|x64 = Release|x64
		Release|x86 = Release|x86
	EndGlobalSection
	GlobalSection(ProjectConfigurationPlatforms) = postSolution
		{D90974A8-D5B7-4C6D-B2EA-2A5D004047C9}.Debug|x64.ActiveCfg = Debug|x64
		{D90974A8-D5B7-4C6D-B2EA-2A5D004047C9}.Debug|x64.Build.0 = Debug|x64
		{D90974A8-D5B7-4C6D-B2EA-2A5D004047C9}.Debug|x86.ActiveCfg = Debug|Win32
		{D90974A8-D5B7-4C6D-B2EA-2A5D004047C9}.Debug|x86.Build.0 = Debug|Win32
		{D90974A8-D5B7-4C6D-B2EA-2A5D004047C9}.Release|x64.ActiveCfg = Release|x64
		{D90974A8-D5B7-4C6D-B2EA-2A5D004047C9}.Release|x64.Build.0 = Release|x64
		{D90974A8-D5B7-4C6D-B2EA-2A5D004047C9}.Release|x86.ActiveCfg = Release|Win32
		{D90974A8-D5B7-4C6D-B2EA-2A5D004047C9}.Release|x86.Build.0 = Release|Win32
	EndGlobalSection
	GlobalSection(SolutionProperties) = preSolution
		HideSolutionNode = FALSE
	EndGlobalSection
	GlobalSection(ExtensibilityGlobals) = postSolution
		SolutionGuid = {2CF40113-238B-4121-8BC0-36A44991C806}
	EndGlobalSection
EndGlobal
